
Microsoft Visual Studio Solution File, Format Version 12.00
# Visual Studio Version 17
VisualStudioVersion = 17.13.36105.23 d17.13
MinimumVisualStudioVersion = 10.0.40219.1
Project("{FAE04EC0-301F-11D3-BF4B-00C04F79EFBC}") = "Bikiran.Validation", "Bikiran.Validation.csproj", "{5EE9CD09-91B9-C9AD-2335-F7F13556F3F5}"
EndProject
Global
	GlobalSection(SolutionConfigurationPlatforms) = preSolution
		Debug|Any CPU = Debug|Any CPU
		Release|Any CPU = Release|Any CPU
	EndGlobalSection
	GlobalSection(ProjectConfigurationPlatforms) = postSolution
		{5EE9CD09-91B9-C9AD-2335-F7F13556F3F5}.Debug|Any CPU.ActiveCfg = Debug|Any CPU
		{5EE9CD09-91B9-C9AD-2335-F7F13556F3F5}.Debug|Any CPU.Build.0 = Debug|Any CPU
		{5EE9CD09-91B9-C9AD-2335-F7F13556F3F5}.Release|Any CPU.ActiveCfg = Release|Any CPU
		{5EE9CD09-91B9-C9AD-2335-F7F13556F3F5}.Release|Any CPU.Build.0 = Release|Any CPU
	EndGlobalSection
	GlobalSection(SolutionProperties) = preSolution
		HideSolutionNode = FALSE
	EndGlobalSection
	GlobalSection(ExtensibilityGlobals) = postSolution
		SolutionGuid = {3993EDEB-0E51-4BFE-8570-B5D88A934370}
	EndGlobalSection
EndGlobal
